// !$*UTF8*$!
{
	archiveVersion = 1;
	classes = {
	};
	objectVersion = 77;
	objects = {

/* Begin PBXBuildFile section */
		8C0FA72A2F68A53D0094D21A /* FirebaseStorage in Frameworks */ = {isa = PBXBuildFile; productRef = 8C0FA7292F68A53D0094D21A /* FirebaseStorage */; };
		8C7088562F68922900ECFC02 /* FirebaseAuth in Frameworks */ = {isa = PBXBuildFile; productRef = 8C7088552F68922900ECFC02 /* FirebaseAuth */; };
		8C7088582F68923100ECFC02 /* FirebaseCore in Frameworks */ = {isa = PBXBuildFile; productRef = 8C7088572F68923100ECFC02 /* FirebaseCore */; };
		8C70885C2F6895E200ECFC02 /* FirebaseFirestore in Frameworks */ = {isa = PBXBuildFile; productRef = 8C70885B2F6895E200ECFC02 /* FirebaseFirestore */; };
		8CE1D9C12F8557CB0090E3AC /* UsernamePromptView.swift in Sources */ = {isa = PBXBuildFile; fileRef = 8CE1D9C02F8557CB0090E3AC /* UsernamePromptView.swift */; };
		8CE1D9C42F8562930090E3AC /* GoogleSignIn in Frameworks */ = {isa = PBXBuildFile; productRef = 8CE1D9C32F8562930090E3AC /* GoogleSignIn */; };
		8CE1D9C62F8562930090E3AC /* GoogleSignInSwift in Frameworks */ = {isa = PBXBuildFile; productRef = 8CE1D9C52F8562930090E3AC /* GoogleSignInSwift */; };
		8CE1D9C82F856AE60090E3AC /* ISOPostDetailView.swift in Sources */ = {isa = PBXBuildFile; fileRef = 8CE1D9C72F856AE60090E3AC /* ISOPostDetailView.swift */; };
		8CE1D9CA2F856AF70090E3AC /* ServiceListingDetailView.swift in Sources */ = {isa = PBXBuildFile; fileRef = 8CE1D9C92F856AF70090E3AC /* ServiceListingDetailView.swift */; };
		8CE1D9CC2F856BBA0090E3AC /* PublicProfileView.swift in Sources */ = {isa = PBXBuildFile; fileRef = 8CE1D9CB2F856BBA0090E3AC /* PublicProfileView.swift */; };
		8CE1D9CE2F85852E0090E3AC /* OnboardingView.swift in Sources */ = {isa = PBXBuildFile; fileRef = 8CE1D9CD2F85852E0090E3AC /* OnboardingView.swift */; };
/* End PBXBuildFile section */

/* Begin PBXFileReference section */
		8C70883D2F68853500ECFC02 /* backline.app */ = {isa = PBXFileReference; explicitFileType = wrapper.application; includeInIndex = 0; path = backline.app; sourceTree = BUILT_PRODUCTS_DIR; };
		8CE1D9C02F8557CB0090E3AC /* UsernamePromptView.swift */ = {isa = PBXFileReference; lastKnownFileType = sourcecode.swift; path = UsernamePromptView.swift; sourceTree = "<group>"; };
		8CE1D9C72F856AE60090E3AC /* ISOPostDetailView.swift */ = {isa = PBXFileReference; lastKnownFileType = sourcecode.swift; path = ISOPostDetailView.swift; sourceTree = "<group>"; };
		8CE1D9C92F856AF70090E3AC /* ServiceListingDetailView.swift */ = {isa = PBXFileReference; lastKnownFileType = sourcecode.swift; path = ServiceListingDetailView.swift; sourceTree = "<group>"; };
		8CE1D9CB2F856BBA0090E3AC /* PublicProfileView.swift */ = {isa = PBXFileReference; lastKnownFileType = sourcecode.swift; path = PublicProfileView.swift; sourceTree = "<group>"; };
		8CE1D9CD2F85852E0090E3AC /* OnboardingView.swift */ = {isa = PBXFileReference; lastKnownFileType = sourcecode.swift; path = OnboardingView.swift; sourceTree = "<group>"; };
/* End PBXFileReference section */

/* Begin PBXFileSystemSynchronizedBuildFileExceptionSet section */
		8CE1D9BF2F8434130090E3AC /* Exceptions for "backline" folder in "backline" target */ = {
			isa = PBXFileSystemSynchronizedBuildFileExceptionSet;
			membershipExceptions = (
				Info.plist,
			);
			target = 8C70883C2F68853500ECFC02 /* backline */;
		};
/* End PBXFileSystemSynchronizedBuildFileExceptionSet section */

/* Begin PBXFileSystemSynchronizedRootGroup section */
		8C70883F2F68853500ECFC02 /* backline */ = {
			isa = PBXFileSystemSynchronizedRootGroup;
			exceptions = (
				8CE1D9BF2F8434130090E3AC /* Exceptions for "backline" folder in "backline" target */,
			);
			path = backline;
			sourceTree = "<group>";
		};
/* End PBXFileSystemSynchronizedRootGroup section */

/* Begin PBXFrameworksBuildPhase section */
		8C70883A2F68853500ECFC02 /* Frameworks */ = {
			isa = PBXFrameworksBuildPhase;
			buildActionMask = 2147483647;
			files = (
				8CE1D9C42F8562930090E3AC /* GoogleSignIn in Frameworks */,
				8C7088582F68923100ECFC02 /* FirebaseCore in Frameworks */,
				8C0FA72A2F68A53D0094D21A /* FirebaseStorage in Frameworks */,
				8CE1D9C62F8562930090E3AC /* GoogleSignInSwift in Frameworks */,
				8C7088562F68922900ECFC02 /* FirebaseAuth in Frameworks */,
				8C70885C2F6895E200ECFC02 /* FirebaseFirestore in Frameworks */,
			);
			runOnlyForDeploymentPostprocessing = 0;
		};
/* End PBXFrameworksBuildPhase section */

/* Begin PBXGroup section */
		8C7088342F68853500ECFC02 = {
			isa = PBXGroup;
			children = (
				8C70883F2F68853500ECFC02 /* backline */,
				8C7088542F68922900ECFC02 /* Frameworks */,
				8C70883E2F68853500ECFC02 /* Products */,
				8CE1D9C02F8557CB0090E3AC /* UsernamePromptView.swift */,
				8CE1D9C72F856AE60090E3AC /* ISOPostDetailView.swift */,
				8CE1D9C92F856AF70090E3AC /* ServiceListingDetailView.swift */,
				8CE1D9CB2F856BBA0090E3AC /* PublicProfileView.swift */,
				8CE1D9CD2F85852E0090E3AC /* OnboardingView.swift */,
			);
			sourceTree = "<group>";
		};
		8C70883E2F68853500ECFC02 /* Products */ = {
			isa = PBXGroup;
			children = (
				8C70883D2F68853500ECFC02 /* backline.app */,
			);
			name = Products;
			sourceTree = "<group>";
		};
		8C7088542F68922900ECFC02 /* Frameworks */ = {
			isa = PBXGroup;
			children = (
			);
			name = Frameworks;
			sourceTree = "<group>";
		};
/* End PBXGroup section */

/* Begin PBXNativeTarget section */
		8C70883C2F68853500ECFC02 /* backline */ = {
			isa = PBXNativeTarget;
			buildConfigurationList = 8C7088482F68853700ECFC02 /* Build configuration list for PBXNativeTarget "backline" */;
			buildPhases = (
				8C7088392F68853500ECFC02 /* Sources */,
				8C70883A2F68853500ECFC02 /* Frameworks */,
				8C70883B2F68853500ECFC02 /* Resources */,
			);
			buildRules = (
			);
			dependencies = (
			);
			fileSystemSynchronizedGroups = (
				8C70883F2F68853500ECFC02 /* backline */,
			);
			name = backline;
			packageProductDependencies = (
				8C7088552F68922900ECFC02 /* FirebaseAuth */,
				8C7088572F68923100ECFC02 /* FirebaseCore */,
				8C70885B2F6895E200ECFC02 /* FirebaseFirestore */,
				8C0FA7292F68A53D0094D21A /* FirebaseStorage */,
				8CE1D9C32F8562930090E3AC /* GoogleSignIn */,
				8CE1D9C52F8562930090E3AC /* GoogleSignInSwift */,
			);
			productName = backline;
			productReference = 8C70883D2F68853500ECFC02 /* backline.app */;
			productType = "com.apple.product-type.application";
		};
/* End PBXNativeTarget section */

/* Begin PBXProject section */
		8C7088352F68853500ECFC02 /* Project object */ = {
			isa = PBXProject;
			attributes = {
				BuildIndependentTargetsInParallel = 1;
				LastSwiftUpdateCheck = 2630;
				LastUpgradeCheck = 2630;
				TargetAttributes = {
					8C70883C2F68853500ECFC02 = {
						CreatedOnToolsVersion = 26.3;
					};
				};
			};
			buildConfigurationList = 8C7088382F68853500ECFC02 /* Build configuration list for PBXProject "backline" */;
			developmentRegion = en;
			hasScannedForEncodings = 0;
			knownRegions = (
				en,
				Base,
			);
			mainGroup = 8C7088342F68853500ECFC02;
			minimizedProjectReferenceProxies = 1;
			packageReferences = (
				8C7088532F688FF400ECFC02 /* XCRemoteSwiftPackageReference "firebase-ios-sdk" */,
				8CE1D9C22F8562930090E3AC /* XCRemoteSwiftPackageReference "GoogleSignIn-iOS" */,
			);
			preferredProjectObjectVersion = 77;
			productRefGroup = 8C70883E2F68853500ECFC02 /* Products */;
			projectDirPath = "";
			projectRoot = "";
			targets = (
				8C70883C2F68853500ECFC02 /* backline */,
			);
		};
/* End PBXProject section */

/* Begin PBXResourcesBuildPhase section */
		8C70883B2F68853500ECFC02 /* Resources */ = {
			isa = PBXResourcesBuildPhase;
			buildActionMask = 2147483647;
			files = (
			);
			runOnlyForDeploymentPostprocessing = 0;
		};
/* End PBXResourcesBuildPhase section */

/* Begin PBXSourcesBuildPhase section */
		8C7088392F68853500ECFC02 /* Sources */ = {
			isa = PBXSourcesBuildPhase;
			buildActionMask = 2147483647;
			files = (
				8CE1D9C12F8557CB0090E3AC /* UsernamePromptView.swift in Sources */,
				8CE1D9CC2F856BBA0090E3AC /* PublicProfileView.swift in Sources */,
				8CE1D9CE2F85852E0090E3AC /* OnboardingView.swift in Sources */,
				8CE1D9C82F856AE60090E3AC /* ISOPostDetailView.swift in Sources */,
				8CE1D9CA2F856AF70090E3AC /* ServiceListingDetailView.swift in Sources */,
			);
			runOnlyForDeploymentPostprocessing = 0;
		};
/* End PBXSourcesBuildPhase section */

/* Begin XCBuildConfiguration section */
		8C7088462F68853700ECFC02 /* Debug */ = {
			isa = XCBuildConfiguration;
			buildSettings = {
				ALWAYS_SEARCH_USER_PATHS = NO;
				ASSETCATALOG_COMPILER_GENERATE_SWIFT_ASSET_SYMBOL_EXTENSIONS = YES;
				CLANG_ANALYZER_NONNULL = YES;
				CLANG_ANALYZER_NUMBER_OBJECT_CONVERSION = YES_AGGRESSIVE;
				CLANG_CXX_LANGUAGE_STANDARD = "gnu++20";
				CLANG_ENABLE_MODULES = YES;
				CLANG_ENABLE_OBJC_ARC = YES;
				CLANG_ENABLE_OBJC_WEAK = YES;
				CLANG_WARN_BLOCK_CAPTURE_AUTORELEASING = YES;
				CLANG_WARN_BOOL_CONVERSION = YES;
				CLANG_WARN_COMMA = YES;
				CLANG_WARN_CONSTANT_CONVERSION = YES;
				CLANG_WARN_DEPRECATED_OBJC_IMPLEMENTATIONS = YES;
				CLANG_WARN_DIRECT_OBJC_ISA_USAGE = YES_ERROR;
				CLANG_WARN_DOCUMENTATION_COMMENTS = YES;
				CLANG_WARN_EMPTY_BODY = YES;
				CLANG_WARN_ENUM_CONVERSION = YES;
				CLANG_WARN_INFINITE_RECURSION = YES;
				CLANG_WARN_INT_CONVERSION = YES;
				CLANG_WARN_NON_LITERAL_NULL_CONVERSION = YES;
				CLANG_WARN_OBJC_IMPLICIT_RETAIN_SELF = YES;
				CLANG_WARN_OBJC_LITERAL_CONVERSION = YES;
				CLANG_WARN_OBJC_ROOT_CLASS = YES_ERROR;
				CLANG_WARN_QUOTED_INCLUDE_IN_FRAMEWORK_HEADER = YES;
				CLANG_WARN_RANGE_LOOP_ANALYSIS = YES;
				CLANG_WARN_STRICT_PROTOTYPES = YES;
				CLANG_WARN_SUSPICIOUS_MOVE = YES;
				CLANG_WARN_UNGUARDED_AVAILABILITY = YES_AGGRESSIVE;
				CLANG_WARN_UNREACHABLE_CODE = YES;
				CLANG_WARN__DUPLICATE_METHOD_MATCH = YES;
				COPY_PHASE_STRIP = NO;
				DEBUG_INFORMATION_FORMAT = dwarf;
				DEVELOPMENT_TEAM = ZJAYTS598H;
				ENABLE_STRICT_OBJC_MSGSEND = YES;
				ENABLE_TESTABILITY = YES;
				ENABLE_USER_SCRIPT_SANDBOXING = YES;
				GCC_C_LANGUAGE_STANDARD = gnu17;
				GCC_DYNAMIC_NO_PIC = NO;
				GCC_NO_COMMON_BLOCKS = YES;
				GCC_OPTIMIZATION_LEVEL = 0;
				GCC_PREPROCESSOR_DEFINITIONS = (
					"DEBUG=1",
					"$(inherited)",
				);
				GCC_WARN_64_TO_32_BIT_CONVERSION = YES;
				GCC_WARN_ABOUT_RETURN_TYPE = YES_ERROR;
				GCC_WARN_UNDECLARED_SELECTOR = YES;
				GCC_WARN_UNINITIALIZED_AUTOS = YES_AGGRESSIVE;
				GCC_WARN_UNUSED_FUNCTION = YES;
				GCC_WARN_UNUSED_VARIABLE = YES;
				IPHONEOS_DEPLOYMENT_TARGET = 26.2;
				LOCALIZATION_PREFERS_STRING_CATALOGS = YES;
				MTL_ENABLE_DEBUG_INFO = INCLUDE_SOURCE;
				MTL_FAST_MATH = YES;
				ONLY_ACTIVE_ARCH = YES;
				SDKROOT = iphoneos;
				SWIFT_ACTIVE_COMPILATION_CONDITIONS = "DEBUG $(inherited)";
				SWIFT_OPTIMIZATION_LEVEL = "-Onone";
			};
			name = Debug;
		};
		8C7088472F68853700ECFC02 /* Release */ = {
			isa = XCBuildConfiguration;
			buildSettings = {
				ALWAYS_SEARCH_USER_PATHS = NO;
				ASSETCATALOG_COMPILER_GENERATE_SWIFT_ASSET_SYMBOL_EXTENSIONS = YES;
				CLANG_ANALYZER_NONNULL = YES;
				CLANG_ANALYZER_NUMBER_OBJECT_CONVERSION = YES_AGGRESSIVE;
				CLANG_CXX_LANGUAGE_STANDARD = "gnu++20";
				CLANG_ENABLE_MODULES = YES;
				CLANG_ENABLE_OBJC_ARC = YES;
				CLANG_ENABLE_OBJC_WEAK = YES;
				CLANG_WARN_BLOCK_CAPTURE_AUTORELEASING = YES;
				CLANG_WARN_BOOL_CONVERSION = YES;
				CLANG_WARN_COMMA = YES;
				CLANG_WARN_CONSTANT_CONVERSION = YES;
				CLANG_WARN_DEPRECATED_OBJC_IMPLEMENTATIONS = YES;
				CLANG_WARN_DIRECT_OBJC_ISA_USAGE = YES_ERROR;
				CLANG_WARN_DOCUMENTATION_COMMENTS = YES;
				CLANG_WARN_EMPTY_BODY = YES;
				CLANG_WARN_ENUM_CONVERSION = YES;
				CLANG_WARN_INFINITE_RECURSION = YES;
				CLANG_WARN_INT_CONVERSION = YES;
				CLANG_WARN_NON_LITERAL_NULL_CONVERSION = YES;
				CLANG_WARN_OBJC_IMPLICIT_RETAIN_SELF = YES;
				CLANG_WARN_OBJC_LITERAL_CONVERSION = YES;
				CLANG_WARN_OBJC_ROOT_CLASS = YES_ERROR;
				CLANG_WARN_QUOTED_INCLUDE_IN_FRAMEWORK_HEADER = YES;
				CLANG_WARN_RANGE_LOOP_ANALYSIS = YES;
				CLANG_WARN_STRICT_PROTOTYPES = YES;
				CLANG_WARN_SUSPICIOUS_MOVE = YES;
				CLANG_WARN_UNGUARDED_AVAILABILITY = YES_AGGRESSIVE;
				CLANG_WARN_UNREACHABLE_CODE = YES;
				CLANG_WARN__DUPLICATE_METHOD_MATCH = YES;
				COPY_PHASE_STRIP = NO;
				DEBUG_INFORMATION_FORMAT = "dwarf-with-dsym";
				DEVELOPMENT_TEAM = ZJAYTS598H;
				ENABLE_NS_ASSERTIONS = NO;
				ENABLE_STRICT_OBJC_MSGSEND = YES;
				ENABLE_USER_SCRIPT_SANDBOXING = YES;
				GCC_C_LANGUAGE_STANDARD = gnu17;
				GCC_NO_COMMON_BLOCKS = YES;
				GCC_WARN_64_TO_32_BIT_CONVERSION = YES;
				GCC_WARN_ABOUT_RETURN_TYPE = YES_ERROR;
				GCC_WARN_UNDECLARED_SELECTOR = YES;
				GCC_WARN_UNINITIALIZED_AUTOS = YES_AGGRESSIVE;
				GCC_WARN_UNUSED_FUNCTION = YES;
				GCC_WARN_UNUSED_VARIABLE = YES;
				IPHONEOS_DEPLOYMENT_TARGET = 26.2;
				LOCALIZATION_PREFERS_STRING_CATALOGS = YES;
				MTL_ENABLE_DEBUG_INFO = NO;
				MTL_FAST_MATH = YES;
				SDKROOT = iphoneos;
				SWIFT_COMPILATION_MODE = wholemodule;
				VALIDATE_PRODUCT = YES;
			};
			name = Release;
		};
		8C7088492F68853700ECFC02 /* Debug */ = {
			isa = XCBuildConfiguration;
			buildSettings = {
				ASSETCATALOG_COMPILER_APPICON_NAME = AppIcon;
				ASSETCATALOG_COMPILER_GLOBAL_ACCENT_COLOR_NAME = AccentColor;
				CODE_SIGN_ENTITLEMENTS = backline/backline.entitlements;
				CODE_SIGN_STYLE = Automatic;
				CURRENT_PROJECT_VERSION = 1;
				DEBUG_INFORMATION_FORMAT = "dwarf-with-dsym";
				DEVELOPMENT_TEAM = ZJAYTS598H;
				ENABLE_PREVIEWS = YES;
				GENERATE_INFOPLIST_FILE = YES;
				INFOPLIST_FILE = backline/Info.plist;
				INFOPLIST_KEY_CFBundleDisplayName = "Backline NYC";
				INFOPLIST_KEY_UIApplicationSceneManifest_Generation = YES;
				INFOPLIST_KEY_UIApplicationSupportsIndirectInputEvents = YES;
				INFOPLIST_KEY_UILaunchScreen_Generation = YES;
				INFOPLIST_KEY_UISupportedInterfaceOrientations_iPad = "UIInterfaceOrientationPortrait UIInterfaceOrientationPortraitUpsideDown UIInterfaceOrientationLandscapeLeft UIInterfaceOrientationLandscapeRight";
				INFOPLIST_KEY_UISupportedInterfaceOrientations_iPhone = "UIInterfaceOrientationPortrait UIInterfaceOrientationLandscapeLeft UIInterfaceOrientationLandscapeRight";
				LD_RUNPATH_SEARCH_PATHS = (
					"$(inherited)",
					"@executable_path/Frameworks",
				);
				MARKETING_VERSION = 1.0;
				PRODUCT_BUNDLE_IDENTIFIER = com.deej.backline;
				PRODUCT_NAME = "$(TARGET_NAME)";
				STRING_CATALOG_GENERATE_SYMBOLS = YES;
				SWIFT_APPROACHABLE_CONCURRENCY = YES;
				SWIFT_DEFAULT_ACTOR_ISOLATION = MainActor;
				SWIFT_EMIT_LOC_STRINGS = YES;
				SWIFT_UPCOMING_FEATURE_MEMBER_IMPORT_VISIBILITY = YES;
				SWIFT_VERSION = 5.0;
				TARGETED_DEVICE_FAMILY = "1,2";
			};
			name = Debug;
		};
		8C70884A2F68853700ECFC02 /* Release */ = {
			isa = XCBuildConfiguration;
			buildSettings = {
				ASSETCATALOG_COMPILER_APPICON_NAME = AppIcon;
				ASSETCATALOG_COMPILER_GLOBAL_ACCENT_COLOR_NAME = AccentColor;
				CODE_SIGN_ENTITLEMENTS = backline/backline.entitlements;
				CODE_SIGN_STYLE = Automatic;
				CURRENT_PROJECT_VERSION = 1;
				DEVELOPMENT_TEAM = ZJAYTS598H;
				ENABLE_PREVIEWS = YES;
				GENERATE_INFOPLIST_FILE = YES;
				INFOPLIST_FILE = backline/Info.plist;
				INFOPLIST_KEY_CFBundleDisplayName = "Backline NYC";
				INFOPLIST_KEY_UIApplicationSceneManifest_Generation = YES;
				INFOPLIST_KEY_UIApplicationSupportsIndirectInputEvents = YES;
				INFOPLIST_KEY_UILaunchScreen_Generation = YES;
				INFOPLIST_KEY_UISupportedInterfaceOrientations_iPad = "UIInterfaceOrientationPortrait UIInterfaceOrientationPortraitUpsideDown UIInterfaceOrientationLandscapeLeft UIInterfaceOrientationLandscapeRight";
				INFOPLIST_KEY_UISupportedInterfaceOrientations_iPhone = "UIInterfaceOrientationPortrait UIInterfaceOrientationLandscapeLeft UIInterfaceOrientationLandscapeRight";
				LD_RUNPATH_SEARCH_PATHS = (
					"$(inherited)",
					"@executable_path/Frameworks",
				);
				MARKETING_VERSION = 1.0;
				PRODUCT_BUNDLE_IDENTIFIER = com.deej.backline;
				PRODUCT_NAME = "$(TARGET_NAME)";
				STRING_CATALOG_GENERATE_SYMBOLS = YES;
				SWIFT_APPROACHABLE_CONCURRENCY = YES;
				SWIFT_DEFAULT_ACTOR_ISOLATION = MainActor;
				SWIFT_EMIT_LOC_STRINGS = YES;
				SWIFT_UPCOMING_FEATURE_MEMBER_IMPORT_VISIBILITY = YES;
				SWIFT_VERSION = 5.0;
				TARGETED_DEVICE_FAMILY = "1,2";
			};
			name = Release;
		};
/* End XCBuildConfiguration section */

/* Begin XCConfigurationList section */
		8C7088382F68853500ECFC02 /* Build configuration list for PBXProject "backline" */ = {
			isa = XCConfigurationList;
			buildConfigurations = (
				8C7088462F68853700ECFC02 /* Debug */,
				8C7088472F68853700ECFC02 /* Release */,
			);
			defaultConfigurationIsVisible = 0;
			defaultConfigurationName = Release;
		};
		8C7088482F68853700ECFC02 /* Build configuration list for PBXNativeTarget "backline" */ = {
			isa = XCConfigurationList;
			buildConfigurations = (
				8C7088492F68853700ECFC02 /* Debug */,
				8C70884A2F68853700ECFC02 /* Release */,
			);
			defaultConfigurationIsVisible = 0;
			defaultConfigurationName = Release;
		};
/* End XCConfigurationList section */

/* Begin XCRemoteSwiftPackageReference section */
		8C7088532F688FF400ECFC02 /* XCRemoteSwiftPackageReference "firebase-ios-sdk" */ = {
			isa = XCRemoteSwiftPackageReference;
			repositoryURL = "https://github.com/firebase/firebase-ios-sdk";
			requirement = {
				kind = upToNextMajorVersion;
				minimumVersion = 12.11.0;
			};
		};
		8CE1D9C22F8562930090E3AC /* XCRemoteSwiftPackageReference "GoogleSignIn-iOS" */ = {
			isa = XCRemoteSwiftPackageReference;
			repositoryURL = "https://github.com/google/GoogleSignIn-iOS/";
			requirement = {
				kind = upToNextMajorVersion;
				minimumVersion = 9.1.0;
			};
		};
/* End XCRemoteSwiftPackageReference section */

/* Begin XCSwiftPackageProductDependency section */
		8C0FA7292F68A53D0094D21A /* FirebaseStorage */ = {
			isa = XCSwiftPackageProductDependency;
			package = 8C7088532F688FF400ECFC02 /* XCRemoteSwiftPackageReference "firebase-ios-sdk" */;
			productName = FirebaseStorage;
		};
		8C7088552F68922900ECFC02 /* FirebaseAuth */ = {
			isa = XCSwiftPackageProductDependency;
			package = 8C7088532F688FF400ECFC02 /* XCRemoteSwiftPackageReference "firebase-ios-sdk" */;
			productName = FirebaseAuth;
		};
		8C7088572F68923100ECFC02 /* FirebaseCore */ = {
			isa = XCSwiftPackageProductDependency;
			package = 8C7088532F688FF400ECFC02 /* XCRemoteSwiftPackageReference "firebase-ios-sdk" */;
			productName = FirebaseCore;
		};
		8C70885B2F6895E200ECFC02 /* FirebaseFirestore */ = {
			isa = XCSwiftPackageProductDependency;
			package = 8C7088532F688FF400ECFC02 /* XCRemoteSwiftPackageReference "firebase-ios-sdk" */;
			productName = FirebaseFirestore;
		};
		8CE1D9C32F8562930090E3AC /* GoogleSignIn */ = {
			isa = XCSwiftPackageProductDependency;
			package = 8CE1D9C22F8562930090E3AC /* XCRemoteSwiftPackageReference "GoogleSignIn-iOS" */;
			productName = GoogleSignIn;
		};
		8CE1D9C52F8562930090E3AC /* GoogleSignInSwift */ = {
			isa = XCSwiftPackageProductDependency;
			package = 8CE1D9C22F8562930090E3AC /* XCRemoteSwiftPackageReference "GoogleSignIn-iOS" */;
			productName = GoogleSignInSwift;
		};
/* End XCSwiftPackageProductDependency section */
	};
	rootObject = 8C7088352F68853500ECFC02 /* Project object */;
}
